
Microsoft Visual Studio Solution File, Format Version 12.00
# Visual Studio Version 17
VisualStudioVersion = 17.5.33627.172
MinimumVisualStudioVersion = 10.0.40219.1
Project("{FAE04EC0-301F-11D3-BF4B-00C04F79EFBC}") = "DAy_6-Logical-Programs", "DAy_6-Logical-Programs\DAy_6-Logical-Programs.csproj", "{2F295852-A93F-44C8-892B-D062A8F56356}"
EndProject
Global
	GlobalSection(SolutionConfigurationPlatforms) = preSolution
		Debug|Any CPU = Debug|Any CPU
		Release|Any CPU = Release|Any CPU
	EndGlobalSection
	GlobalSection(ProjectConfigurationPlatforms) = postSolution
		{2F295852-A93F-44C8-892B-D062A8F56356}.Debug|Any CPU.ActiveCfg = Debug|Any CPU
		{2F295852-A93F-44C8-892B-D062A8F56356}.Debug|Any CPU.Build.0 = Debug|Any CPU
		{2F295852-A93F-44C8-892B-D062A8F56356}.Release|Any CPU.ActiveCfg = Release|Any CPU
		{2F295852-A93F-44C8-892B-D062A8F56356}.Release|Any CPU.Build.0 = Release|Any CPU
	EndGlobalSection
	GlobalSection(SolutionProperties) = preSolution
		HideSolutionNode = FALSE
	EndGlobalSection
	GlobalSection(ExtensibilityGlobals) = postSolution
		SolutionGuid = {600FF71F-9D24-47FE-9928-4D5270A471D6}
	EndGlobalSection
EndGlobal
